
Microsoft Visual Studio Solution File, Format Version 12.00
# Visual Studio Version 17
VisualStudioVersion = 17.3.32819.101
MinimumVisualStudioVersion = 10.0.40219.1
Project("{FAE04EC0-301F-11D3-BF4B-00C04F79EFBC}") = "Exercise9", "Exercise9.csproj", "{5E0F2E16-E4D5-4ADB-9887-2B493644C494}"
EndProject
Global
	GlobalSection(SolutionConfigurationPlatforms) = preSolution
		Debug|Any CPU = Debug|Any CPU
		Release|Any CPU = Release|Any CPU
	EndGlobalSection
	GlobalSection(ProjectConfigurationPlatforms) = postSolution
		{5E0F2E16-E4D5-4ADB-9887-2B493644C494}.Debug|Any CPU.ActiveCfg = Debug|Any CPU
		{5E0F2E16-E4D5-4ADB-9887-2B493644C494}.Debug|Any CPU.Build.0 = Debug|Any CPU
		{5E0F2E16-E4D5-4ADB-9887-2B493644C494}.Release|Any CPU.ActiveCfg = Release|Any CPU
		{5E0F2E16-E4D5-4ADB-9887-2B493644C494}.Release|Any CPU.Build.0 = Release|Any CPU
	EndGlobalSection
	GlobalSection(SolutionProperties) = preSolution
		HideSolutionNode = FALSE
	EndGlobalSection
	GlobalSection(ExtensibilityGlobals) = postSolution
		SolutionGuid = {BC2D96B4-CFB6-4822-A3AF-50FC41527AE6}
	EndGlobalSection
EndGlobal
